Microsoft Visual Studio Solution File, Format Version 12.00
# Visual Studio Version 17
VisualStudioVersion = 17.5.2.0
MinimumVisualStudioVersion = 10.0.40219.1
Project("{FAE04EC0-301F-11D3-BF4B-00C04F79EFBC}") = "LinkApp.Server", "LinkApp.Server.csproj", "{873D7B12-3CEB-BD77-E3FD-FE1EE2D2282B}"
EndProject
Global
	GlobalSection(SolutionConfigurationPlatforms) = preSolution
		Debug|Any CPU = Debug|Any CPU
		Release|Any CPU = Release|Any CPU
	EndGlobalSection
	GlobalSection(ProjectConfigurationPlatforms) = postSolution
		{873D7B12-3CEB-BD77-E3FD-FE1EE2D2282B}.Debug|Any CPU.ActiveCfg = Debug|Any CPU
		{873D7B12-3CEB-BD77-E3FD-FE1EE2D2282B}.Debug|Any CPU.Build.0 = Debug|Any CPU
		{873D7B12-3CEB-BD77-E3FD-FE1EE2D2282B}.Release|Any CPU.ActiveCfg = Release|Any CPU
		{873D7B12-3CEB-BD77-E3FD-FE1EE2D2282B}.Release|Any CPU.Build.0 = Release|Any CPU
	EndGlobalSection
	GlobalSection(SolutionProperties) = preSolution
		HideSolutionNode = FALSE
	EndGlobalSection
	GlobalSection(ExtensibilityGlobals) = postSolution
		SolutionGuid = {1BA1F9A7-C6E8-4182-8D0A-B0BBAE0F8A7D}
	EndGlobalSection
EndGlobal
